<?xml version="1.0" encoding="utf-8"?>
<Project ToolsVersion="4.0" xmlns="http://schemas.microsoft.com/developer/msbuild/2003">
  <ItemGroup>
    <Filter Include="Sources">
      <UniqueIdentifier>{93995380-89BD-4b04-88EB-625FBE52EBFB}</UniqueIdentifier>
      <Extensions>h;hh;hpp;hxx;hm;inl;inc;ipp;xsd</Extensions>
    </Filter>
    <Filter Include="Thirdparty">
      <UniqueIdentifier>{fcc85d9d-5eb8-442c-8fe8-b1541a822640}</UniqueIdentifier>
    </Filter>
    <Filter Include="Thirdparty\gl3w">
      <UniqueIdentifier>{01ac3f8f-cc7a-4d8e-9a22-f6114565fda5}</UniqueIdentifier>
    </Filter>
    <Filter Include="Shaders">
      <UniqueIdentifier>{c7d95f49-1829-471f-adc9-b1e1d706d8d2}</UniqueIdentifier>
    </Filter>
  </ItemGroup>
  <ItemGroup>
    <ClInclude Include="..\Sources\Application.h">
      <Filter>Sources</Filter>
    </ClInclude>
    <ClInclude Include="..\Sources\Camera.h">
      <Filter>Sources</Filter>
    </ClInclude>
    <ClInclude Include="..\Sources\Light.h">
      <Filter>Sources</Filter>
    </ClInclude>
    <ClInclude Include="..\Sources\Material.h">
      <Filter>Sources</Filter>
    </ClInclude>
    <ClInclude Include="..\Sources\Mesh.h">
      <Filter>Sources</Filter>
    </ClInclude>
    <ClInclude Include="..\Sources\Object.h">
      <Filter>Sources</Filter>
    </ClInclude>
    <ClInclude Include="..\Sources\Scene.h">
      <Filter>Sources</Filter>
    </ClInclude>
    <ClInclude Include="..\Sources\Settings.h">
      <Filter>Sources</Filter>
    </ClInclude>
    <ClInclude Include="..\Sources\Model.h">
      <Filter>Sources</Filter>
    </ClInclude>
    <ClInclude Include="..\Sources\Texture2D.h">
      <Filter>Sources</Filter>
    </ClInclude>
    <ClInclude Include="..\Sources\Shader.h">
      <Filter>Sources</Filter>
    </ClInclude>
    <ClInclude Include="..\Sources\Renderer.h">
      <Filter>Sources</Filter>
    </ClInclude>
    <ClInclude Include="..\Sources\Viewport.h">
      <Filter>Sources</Filter>
    </ClInclude>
    <ClInclude Include="..\Sources\Rendering.h">
      <Filter>Sources</Filter>
    </ClInclude>
    <ClInclude Include="..\Sources\TestApp.h">
      <Filter>Sources</Filter>
    </ClInclude>
    <ClInclude Include="..\Sources\GBuffer.h">
      <Filter>Sources</Filter>
    </ClInclude>
    <ClInclude Include="..\Thirdparty\gl3w\includes\GL\glcorearb.h">
      <Filter>Thirdparty\gl3w</Filter>
    </ClInclude>
    <ClInclude Include="..\Thirdparty\gl3w\includes\GL\gl3w.h">
      <Filter>Thirdparty\gl3w</Filter>
    </ClInclude>
    <ClInclude Include="..\Thirdparty\gl3w\includes\KHR\khrplatform.h">
      <Filter>Thirdparty\gl3w</Filter>
    </ClInclude>
    <ClInclude Include="..\Sources\Vertex.h">
      <Filter>Sources</Filter>
    </ClInclude>
    <ClInclude Include="..\Sources\Controller.h">
      <Filter>Sources</Filter>
    </ClInclude>
    <ClInclude Include="..\Sources\Texture3D.h">
      <Filter>Sources</Filter>
    </ClInclude>
    <ClInclude Include="..\Sources\FBO.h">
      <Filter>Sources</Filter>
    </ClInclude>
  </ItemGroup>
  <ItemGroup>
    <ClCompile Include="..\Sources\main.cpp">
      <Filter>Sources</Filter>
    </ClCompile>
    <ClCompile Include="..\Sources\Scene.cpp">
      <Filter>Sources</Filter>
    </ClCompile>
    <ClCompile Include="..\Sources\Camera.cpp">
      <Filter>Sources</Filter>
    </ClCompile>
    <ClCompile Include="..\Sources\Light.cpp">
      <Filter>Sources</Filter>
    </ClCompile>
    <ClCompile Include="..\Sources\Model.cpp">
      <Filter>Sources</Filter>
    </ClCompile>
    <ClCompile Include="..\Sources\Texture2D.cpp">
      <Filter>Sources</Filter>
    </ClCompile>
    <ClCompile Include="..\Sources\Material.cpp">
      <Filter>Sources</Filter>
    </ClCompile>
    <ClCompile Include="..\Sources\Mesh.cpp">
      <Filter>Sources</Filter>
    </ClCompile>
    <ClCompile Include="..\Sources\Shader.cpp">
      <Filter>Sources</Filter>
    </ClCompile>
    <ClCompile Include="..\Sources\Application.cpp">
      <Filter>Sources</Filter>
    </ClCompile>
    <ClCompile Include="..\Sources\Renderer.cpp">
      <Filter>Sources</Filter>
    </ClCompile>
    <ClCompile Include="..\Sources\Viewport.cpp">
      <Filter>Sources</Filter>
    </ClCompile>
    <ClCompile Include="..\Sources\TestApp.cpp">
      <Filter>Sources</Filter>
    </ClCompile>
    <ClCompile Include="..\Sources\GBuffer.cpp">
      <Filter>Sources</Filter>
    </ClCompile>
    <ClCompile Include="..\Thirdparty\gl3w\includes\GL\gl3w.c">
      <Filter>Thirdparty\gl3w</Filter>
    </ClCompile>
    <ClCompile Include="..\Sources\Texture3D.cpp">
      <Filter>Sources</Filter>
    </ClCompile>
  </ItemGroup>
  <ItemGroup>
    <None Include="Resources\Shaders\GeometryPass.fs">
      <Filter>Shaders</Filter>
    </None>
    <None Include="Resources\Shaders\GeometryPass.vs">
      <Filter>Shaders</Filter>
    </None>
    <None Include="Resources\Shaders\LightingPass.fs">
      <Filter>Shaders</Filter>
    </None>
    <None Include="Resources\Shaders\LightingPass.vs">
      <Filter>Shaders</Filter>
    </None>
    <None Include="Resources\Shaders\PBR.fs">
      <Filter>Shaders</Filter>
    </None>
    <None Include="Resources\Shaders\PBR.vs">
      <Filter>Shaders</Filter>
    </None>
    <None Include="Resources\Shaders\Phong.fs">
      <Filter>Shaders</Filter>
    </None>
    <None Include="Resources\Shaders\Phong.vs">
      <Filter>Shaders</Filter>
    </None>
    <None Include="Resources\Shaders\VoxelizationVS.glsl">
      <Filter>Shaders</Filter>
    </None>
    <None Include="Resources\Shaders\VoxelizationGS.glsl">
      <Filter>Shaders</Filter>
    </None>
    <None Include="Resources\Shaders\VoxelizationFS.glsl">
      <Filter>Shaders</Filter>
    </None>
    <None Include="Resources\Shaders\VoxelConeTracingVS.glsl">
      <Filter>Shaders</Filter>
    </None>
    <None Include="Resources\Shaders\VoxelConeTracingFS.glsl">
      <Filter>Shaders</Filter>
    </None>
    <None Include="Resources\Shaders\VisualizeVoxelVS.glsl">
      <Filter>Shaders</Filter>
    </None>
    <None Include="Resources\Shaders\VisualizeVoxelFS.glsl">
      <Filter>Shaders</Filter>
    </None>
    <None Include="Resources\Shaders\WorldPosVS.glsl">
      <Filter>Shaders</Filter>
    </None>
    <None Include="Resources\Shaders\WorldPosFS.glsl">
      <Filter>Shaders</Filter>
    </None>
  </ItemGroup>
</Project>